// !$*UTF8*$!
{
	archiveVersion = 1;
	classes = {
	};
	objectVersion = 56;
	objects = {

/* Begin PBXBuildFile section */
		C8919E862C28923800E105DB /* AppDelegate.swift in Sources */ = {isa = PBXBuildFile; fileRef = C8919E852C28923800E105DB /* AppDelegate.swift */; };
		C8919E882C28923800E105DB /* SceneDelegate.swift in Sources */ = {isa = PBXBuildFile; fileRef = C8919E872C28923800E105DB /* SceneDelegate.swift */; };
		C8919E8A2C28923800E105DB /* PokemonsListViewController.swift in Sources */ = {isa = PBXBuildFile; fileRef = C8919E892C28923800E105DB /* PokemonsListViewController.swift */; };
		C8919E8F2C28923900E105DB /* Assets.xcassets in Resources */ = {isa = PBXBuildFile; fileRef = C8919E8E2C28923900E105DB /* Assets.xcassets */; };
		C8919E922C28923900E105DB /* LaunchScreen.storyboard in Resources */ = {isa = PBXBuildFile; fileRef = C8919E902C28923900E105DB /* LaunchScreen.storyboard */; };
		C8919EA02C28968200E105DB /* PokemonDetailsViewController.swift in Sources */ = {isa = PBXBuildFile; fileRef = C8919E9F2C28968200E105DB /* PokemonDetailsViewController.swift */; };
		C8919EA22C28969D00E105DB /* PokemonsListViewModel.swift in Sources */ = {isa = PBXBuildFile; fileRef = C8919EA12C28969D00E105DB /* PokemonsListViewModel.swift */; };
		C8919EA42C2896B300E105DB /* PokemonDetailViewModel.swift in Sources */ = {isa = PBXBuildFile; fileRef = C8919EA32C2896B300E105DB /* PokemonDetailViewModel.swift */; };
		C8919EA62C2896DD00E105DB /* Pokemons.swift in Sources */ = {isa = PBXBuildFile; fileRef = C8919EA52C2896DD00E105DB /* Pokemons.swift */; };
		C8919EA92C28984800E105DB /* PokemonsListView.swift in Sources */ = {isa = PBXBuildFile; fileRef = C8919EA82C28984800E105DB /* PokemonsListView.swift */; };
		C8919EAB2C289E4000E105DB /* PokemonListTableViewCell.swift in Sources */ = {isa = PBXBuildFile; fileRef = C8919EAA2C289E4000E105DB /* PokemonListTableViewCell.swift */; };
		C8919EAD2C28A00A00E105DB /* PokemonListTableViewCellViewModel.swift in Sources */ = {isa = PBXBuildFile; fileRef = C8919EAC2C28A00A00E105DB /* PokemonListTableViewCellViewModel.swift */; };
		C8919EAF2C2B4A4E00E105DB /* NetworkManager.swift in Sources */ = {isa = PBXBuildFile; fileRef = C8919EAE2C2B4A4E00E105DB /* NetworkManager.swift */; };
		C8919EB32C2B529C00E105DB /* Endpoint.swift in Sources */ = {isa = PBXBuildFile; fileRef = C8919EB22C2B529C00E105DB /* Endpoint.swift */; };
/* End PBXBuildFile section */

/* Begin PBXFileReference section */
		C8919E822C28923800E105DB /* Pokemons.app */ = {isa = PBXFileReference; explicitFileType = wrapper.application; includeInIndex = 0; path = Pokemons.app; sourceTree = BUILT_PRODUCTS_DIR; };
		C8919E852C28923800E105DB /* AppDelegate.swift */ = {isa = PBXFileReference; lastKnownFileType = sourcecode.swift; path = AppDelegate.swift; sourceTree = "<group>"; };
		C8919E872C28923800E105DB /* SceneDelegate.swift */ = {isa = PBXFileReference; lastKnownFileType = sourcecode.swift; path = SceneDelegate.swift; sourceTree = "<group>"; };
		C8919E892C28923800E105DB /* PokemonsListViewController.swift */ = {isa = PBXFileReference; lastKnownFileType = sourcecode.swift; path = PokemonsListViewController.swift; sourceTree = "<group>"; };
		C8919E8E2C28923900E105DB /* Assets.xcassets */ = {isa = PBXFileReference; lastKnownFileType = folder.assetcatalog; path = Assets.xcassets; sourceTree = "<group>"; };
		C8919E912C28923900E105DB /* Base */ = {isa = PBXFileReference; lastKnownFileType = file.storyboard; name = Base; path = Base.lproj/LaunchScreen.storyboard; sourceTree = "<group>"; };
		C8919E932C28923900E105DB /* Info.plist */ = {isa = PBXFileReference; lastKnownFileType = text.plist.xml; path = Info.plist; sourceTree = "<group>"; };
		C8919E9F2C28968200E105DB /* PokemonDetailsViewController.swift */ = {isa = PBXFileReference; lastKnownFileType = sourcecode.swift; path = PokemonDetailsViewController.swift; sourceTree = "<group>"; };
		C8919EA12C28969D00E105DB /* PokemonsListViewModel.swift */ = {isa = PBXFileReference; lastKnownFileType = sourcecode.swift; path = PokemonsListViewModel.swift; sourceTree = "<group>"; };
		C8919EA32C2896B300E105DB /* PokemonDetailViewModel.swift */ = {isa = PBXFileReference; lastKnownFileType = sourcecode.swift; path = PokemonDetailViewModel.swift; sourceTree = "<group>"; };
		C8919EA52C2896DD00E105DB /* Pokemons.swift */ = {isa = PBXFileReference; lastKnownFileType = sourcecode.swift; path = Pokemons.swift; sourceTree = "<group>"; };
		C8919EA82C28984800E105DB /* PokemonsListView.swift */ = {isa = PBXFileReference; lastKnownFileType = sourcecode.swift; path = PokemonsListView.swift; sourceTree = "<group>"; };
		C8919EAA2C289E4000E105DB /* PokemonListTableViewCell.swift */ = {isa = PBXFileReference; lastKnownFileType = sourcecode.swift; path = PokemonListTableViewCell.swift; sourceTree = "<group>"; };
		C8919EAC2C28A00A00E105DB /* PokemonListTableViewCellViewModel.swift */ = {isa = PBXFileReference; lastKnownFileType = sourcecode.swift; path = PokemonListTableViewCellViewModel.swift; sourceTree = "<group>"; };
		C8919EAE2C2B4A4E00E105DB /* NetworkManager.swift */ = {isa = PBXFileReference; lastKnownFileType = sourcecode.swift; path = NetworkManager.swift; sourceTree = "<group>"; };
		C8919EB22C2B529C00E105DB /* Endpoint.swift */ = {isa = PBXFileReference; lastKnownFileType = sourcecode.swift; path = Endpoint.swift; sourceTree = "<group>"; };
/* End PBXFileReference section */

/* Begin PBXFrameworksBuildPhase section */
		C8919E7F2C28923800E105DB /* Frameworks */ = {
			isa = PBXFrameworksBuildPhase;
			buildActionMask = 2147483647;
			files = (
			);
			runOnlyForDeploymentPostprocessing = 0;
		};
/* End PBXFrameworksBuildPhase section */

/* Begin PBXGroup section */
		C8919E792C28923800E105DB = {
			isa = PBXGroup;
			children = (
				C8919E842C28923800E105DB /* Pokemons */,
				C8919E832C28923800E105DB /* Products */,
			);
			sourceTree = "<group>";
		};
		C8919E832C28923800E105DB /* Products */ = {
			isa = PBXGroup;
			children = (
				C8919E822C28923800E105DB /* Pokemons.app */,
			);
			name = Products;
			sourceTree = "<group>";
		};
		C8919E842C28923800E105DB /* Pokemons */ = {
			isa = PBXGroup;
			children = (
				C8919E9E2C2895A800E105DB /* Resources */,
				C8919E9D2C28958B00E105DB /* APIClient */,
				C8919E9C2C28957400E105DB /* Managers */,
				C8919E9B2C28956700E105DB /* ViewModels */,
				C8919E9A2C28955900E105DB /* Models */,
				C8919EA72C28980600E105DB /* Views */,
				C8919E992C28954E00E105DB /* Controllers */,
				C8919E932C28923900E105DB /* Info.plist */,
			);
			path = Pokemons;
			sourceTree = "<group>";
		};
		C8919E992C28954E00E105DB /* Controllers */ = {
			isa = PBXGroup;
			children = (
				C8919E892C28923800E105DB /* PokemonsListViewController.swift */,
				C8919E9F2C28968200E105DB /* PokemonDetailsViewController.swift */,
			);
			path = Controllers;
			sourceTree = "<group>";
		};
		C8919E9A2C28955900E105DB /* Models */ = {
			isa = PBXGroup;
			children = (
				C8919EA52C2896DD00E105DB /* Pokemons.swift */,
			);
			path = Models;
			sourceTree = "<group>";
		};
		C8919E9B2C28956700E105DB /* ViewModels */ = {
			isa = PBXGroup;
			children = (
				C8919EA12C28969D00E105DB /* PokemonsListViewModel.swift */,
				C8919EA32C2896B300E105DB /* PokemonDetailViewModel.swift */,
				C8919EAC2C28A00A00E105DB /* PokemonListTableViewCellViewModel.swift */,
			);
			path = ViewModels;
			sourceTree = "<group>";
		};
		C8919E9C2C28957400E105DB /* Managers */ = {
			isa = PBXGroup;
			children = (
			);
			path = Managers;
			sourceTree = "<group>";
		};
		C8919E9D2C28958B00E105DB /* APIClient */ = {
			isa = PBXGroup;
			children = (
				C8919EAE2C2B4A4E00E105DB /* NetworkManager.swift */,
				C8919EB22C2B529C00E105DB /* Endpoint.swift */,
			);
			path = APIClient;
			sourceTree = "<group>";
		};
		C8919E9E2C2895A800E105DB /* Resources */ = {
			isa = PBXGroup;
			children = (
				C8919E872C28923800E105DB /* SceneDelegate.swift */,
				C8919E852C28923800E105DB /* AppDelegate.swift */,
				C8919E8E2C28923900E105DB /* Assets.xcassets */,
				C8919E902C28923900E105DB /* LaunchScreen.storyboard */,
			);
			path = Resources;
			sourceTree = "<group>";
		};
		C8919EA72C28980600E105DB /* Views */ = {
			isa = PBXGroup;
			children = (
				C8919EA82C28984800E105DB /* PokemonsListView.swift */,
				C8919EAA2C289E4000E105DB /* PokemonListTableViewCell.swift */,
			);
			path = Views;
			sourceTree = "<group>";
		};
/* End PBXGroup section */

/* Begin PBXNativeTarget section */
		C8919E812C28923800E105DB /* Pokemons */ = {
			isa = PBXNativeTarget;
			buildConfigurationList = C8919E962C28923900E105DB /* Build configuration list for PBXNativeTarget "Pokemons" */;
			buildPhases = (
				C8919E7E2C28923800E105DB /* Sources */,
				C8919E7F2C28923800E105DB /* Frameworks */,
				C8919E802C28923800E105DB /* Resources */,
			);
			buildRules = (
			);
			dependencies = (
			);
			name = Pokemons;
			productName = Pokemons;
			productReference = C8919E822C28923800E105DB /* Pokemons.app */;
			productType = "com.apple.product-type.application";
		};
/* End PBXNativeTarget section */

/* Begin PBXProject section */
		C8919E7A2C28923800E105DB /* Project object */ = {
			isa = PBXProject;
			attributes = {
				BuildIndependentTargetsInParallel = 1;
				LastSwiftUpdateCheck = 1500;
				LastUpgradeCheck = 1500;
				TargetAttributes = {
					C8919E812C28923800E105DB = {
						CreatedOnToolsVersion = 15.0.1;
					};
				};
			};
			buildConfigurationList = C8919E7D2C28923800E105DB /* Build configuration list for PBXProject "Pokemons" */;
			compatibilityVersion = "Xcode 14.0";
			developmentRegion = en;
			hasScannedForEncodings = 0;
			knownRegions = (
				en,
				Base,
			);
			mainGroup = C8919E792C28923800E105DB;
			productRefGroup = C8919E832C28923800E105DB /* Products */;
			projectDirPath = "";
			projectRoot = "";
			targets = (
				C8919E812C28923800E105DB /* Pokemons */,
			);
		};
/* End PBXProject section */

/* Begin PBXResourcesBuildPhase section */
		C8919E802C28923800E105DB /* Resources */ = {
			isa = PBXResourcesBuildPhase;
			buildActionMask = 2147483647;
			files = (
				C8919E922C28923900E105DB /* LaunchScreen.storyboard in Resources */,
				C8919E8F2C28923900E105DB /* Assets.xcassets in Resources */,
			);
			runOnlyForDeploymentPostprocessing = 0;
		};
/* End PBXResourcesBuildPhase section */

/* Begin PBXSourcesBuildPhase section */
		C8919E7E2C28923800E105DB /* Sources */ = {
			isa = PBXSourcesBuildPhase;
			buildActionMask = 2147483647;
			files = (
				C8919EA92C28984800E105DB /* PokemonsListView.swift in Sources */,
				C8919E8A2C28923800E105DB /* PokemonsListViewController.swift in Sources */,
				C8919EB32C2B529C00E105DB /* Endpoint.swift in Sources */,
				C8919EAD2C28A00A00E105DB /* PokemonListTableViewCellViewModel.swift in Sources */,
				C8919E862C28923800E105DB /* AppDelegate.swift in Sources */,
				C8919EAB2C289E4000E105DB /* PokemonListTableViewCell.swift in Sources */,
				C8919EA62C2896DD00E105DB /* Pokemons.swift in Sources */,
				C8919EA22C28969D00E105DB /* PokemonsListViewModel.swift in Sources */,
				C8919E882C28923800E105DB /* SceneDelegate.swift in Sources */,
				C8919EAF2C2B4A4E00E105DB /* NetworkManager.swift in Sources */,
				C8919EA02C28968200E105DB /* PokemonDetailsViewController.swift in Sources */,
				C8919EA42C2896B300E105DB /* PokemonDetailViewModel.swift in Sources */,
			);
			runOnlyForDeploymentPostprocessing = 0;
		};
/* End PBXSourcesBuildPhase section */

/* Begin PBXVariantGroup section */
		C8919E902C28923900E105DB /* LaunchScreen.storyboard */ = {
			isa = PBXVariantGroup;
			children = (
				C8919E912C28923900E105DB /* Base */,
			);
			name = LaunchScreen.storyboard;
			sourceTree = "<group>";
		};
/* End PBXVariantGroup section */

/* Begin XCBuildConfiguration section */
		C8919E942C28923900E105DB /* Debug */ = {
			isa = XCBuildConfiguration;
			buildSettings = {
				ALWAYS_SEARCH_USER_PATHS = NO;
				ASSETCATALOG_COMPILER_GENERATE_SWIFT_ASSET_SYMBOL_EXTENSIONS = YES;
				CLANG_ANALYZER_NONNULL = YES;
				CLANG_ANALYZER_NUMBER_OBJECT_CONVERSION = YES_AGGRESSIVE;
				CLANG_CXX_LANGUAGE_STANDARD = "gnu++20";
				CLANG_ENABLE_MODULES = YES;
				CLANG_ENABLE_OBJC_ARC = YES;
				CLANG_ENABLE_OBJC_WEAK = YES;
				CLANG_WARN_BLOCK_CAPTURE_AUTORELEASING = YES;
				CLANG_WARN_BOOL_CONVERSION = YES;
				CLANG_WARN_COMMA = YES;
				CLANG_WARN_CONSTANT_CONVERSION = YES;
				CLANG_WARN_DEPRECATED_OBJC_IMPLEMENTATIONS = YES;
				CLANG_WARN_DIRECT_OBJC_ISA_USAGE = YES_ERROR;
				CLANG_WARN_DOCUMENTATION_COMMENTS = YES;
				CLANG_WARN_EMPTY_BODY = YES;
				CLANG_WARN_ENUM_CONVERSION = YES;
				CLANG_WARN_INFINITE_RECURSION = YES;
				CLANG_WARN_INT_CONVERSION = YES;
				CLANG_WARN_NON_LITERAL_NULL_CONVERSION = YES;
				CLANG_WARN_OBJC_IMPLICIT_RETAIN_SELF = YES;
				CLANG_WARN_OBJC_LITERAL_CONVERSION = YES;
				CLANG_WARN_OBJC_ROOT_CLASS = YES_ERROR;
				CLANG_WARN_QUOTED_INCLUDE_IN_FRAMEWORK_HEADER = YES;
				CLANG_WARN_RANGE_LOOP_ANALYSIS = YES;
				CLANG_WARN_STRICT_PROTOTYPES = YES;
				CLANG_WARN_SUSPICIOUS_MOVE = YES;
				CLANG_WARN_UNGUARDED_AVAILABILITY = YES_AGGRESSIVE;
				CLANG_WARN_UNREACHABLE_CODE = YES;
				CLANG_WARN__DUPLICATE_METHOD_MATCH = YES;
				COPY_PHASE_STRIP = NO;
				DEBUG_INFORMATION_FORMAT = dwarf;
				ENABLE_STRICT_OBJC_MSGSEND = YES;
				ENABLE_TESTABILITY = YES;
				ENABLE_USER_SCRIPT_SANDBOXING = YES;
				GCC_C_LANGUAGE_STANDARD = gnu17;
				GCC_DYNAMIC_NO_PIC = NO;
				GCC_NO_COMMON_BLOCKS = YES;
				GCC_OPTIMIZATION_LEVEL = 0;
				GCC_PREPROCESSOR_DEFINITIONS = (
					"DEBUG=1",
					"$(inherited)",
				);
				GCC_WARN_64_TO_32_BIT_CONVERSION = YES;
				GCC_WARN_ABOUT_RETURN_TYPE = YES_ERROR;
				GCC_WARN_UNDECLARED_SELECTOR = YES;
				GCC_WARN_UNINITIALIZED_AUTOS = YES_AGGRESSIVE;
				GCC_WARN_UNUSED_FUNCTION = YES;
				GCC_WARN_UNUSED_VARIABLE = YES;
				IPHONEOS_DEPLOYMENT_TARGET = 17.0;
				LOCALIZATION_PREFERS_STRING_CATALOGS = YES;
				MTL_ENABLE_DEBUG_INFO = INCLUDE_SOURCE;
				MTL_FAST_MATH = YES;
				ONLY_ACTIVE_ARCH = YES;
				SDKROOT = iphoneos;
				SWIFT_ACTIVE_COMPILATION_CONDITIONS = "DEBUG $(inherited)";
				SWIFT_OPTIMIZATION_LEVEL = "-Onone";
			};
			name = Debug;
		};
		C8919E952C28923900E105DB /* Release */ = {
			isa = XCBuildConfiguration;
			buildSettings = {
				ALWAYS_SEARCH_USER_PATHS = NO;
				ASSETCATALOG_COMPILER_GENERATE_SWIFT_ASSET_SYMBOL_EXTENSIONS = YES;
				CLANG_ANALYZER_NONNULL = YES;
				CLANG_ANALYZER_NUMBER_OBJECT_CONVERSION = YES_AGGRESSIVE;
				CLANG_CXX_LANGUAGE_STANDARD = "gnu++20";
				CLANG_ENABLE_MODULES = YES;
				CLANG_ENABLE_OBJC_ARC = YES;
				CLANG_ENABLE_OBJC_WEAK = YES;
				CLANG_WARN_BLOCK_CAPTURE_AUTORELEASING = YES;
				CLANG_WARN_BOOL_CONVERSION = YES;
				CLANG_WARN_COMMA = YES;
				CLANG_WARN_CONSTANT_CONVERSION = YES;
				CLANG_WARN_DEPRECATED_OBJC_IMPLEMENTATIONS = YES;
				CLANG_WARN_DIRECT_OBJC_ISA_USAGE = YES_ERROR;
				CLANG_WARN_DOCUMENTATION_COMMENTS = YES;
				CLANG_WARN_EMPTY_BODY = YES;
				CLANG_WARN_ENUM_CONVERSION = YES;
				CLANG_WARN_INFINITE_RECURSION = YES;
				CLANG_WARN_INT_CONVERSION = YES;
				CLANG_WARN_NON_LITERAL_NULL_CONVERSION = YES;
				CLANG_WARN_OBJC_IMPLICIT_RETAIN_SELF = YES;
				CLANG_WARN_OBJC_LITERAL_CONVERSION = YES;
				CLANG_WARN_OBJC_ROOT_CLASS = YES_ERROR;
				CLANG_WARN_QUOTED_INCLUDE_IN_FRAMEWORK_HEADER = YES;
				CLANG_WARN_RANGE_LOOP_ANALYSIS = YES;
				CLANG_WARN_STRICT_PROTOTYPES = YES;
				CLANG_WARN_SUSPICIOUS_MOVE = YES;
				CLANG_WARN_UNGUARDED_AVAILABILITY = YES_AGGRESSIVE;
				CLANG_WARN_UNREACHABLE_CODE = YES;
				CLANG_WARN__DUPLICATE_METHOD_MATCH = YES;
				COPY_PHASE_STRIP = NO;
				DEBUG_INFORMATION_FORMAT = "dwarf-with-dsym";
				ENABLE_NS_ASSERTIONS = NO;
				ENABLE_STRICT_OBJC_MSGSEND = YES;
				ENABLE_USER_SCRIPT_SANDBOXING = YES;
				GCC_C_LANGUAGE_STANDARD = gnu17;
				GCC_NO_COMMON_BLOCKS = YES;
				GCC_WARN_64_TO_32_BIT_CONVERSION = YES;
				GCC_WARN_ABOUT_RETURN_TYPE = YES_ERROR;
				GCC_WARN_UNDECLARED_SELECTOR = YES;
				GCC_WARN_UNINITIALIZED_AUTOS = YES_AGGRESSIVE;
				GCC_WARN_UNUSED_FUNCTION = YES;
				GCC_WARN_UNUSED_VARIABLE = YES;
				IPHONEOS_DEPLOYMENT_TARGET = 17.0;
				LOCALIZATION_PREFERS_STRING_CATALOGS = YES;
				MTL_ENABLE_DEBUG_INFO = NO;
				MTL_FAST_MATH = YES;
				SDKROOT = iphoneos;
				SWIFT_COMPILATION_MODE = wholemodule;
				VALIDATE_PRODUCT = YES;
			};
			name = Release;
		};
		C8919E972C28923900E105DB /* Debug */ = {
			isa = XCBuildConfiguration;
			buildSettings = {
				ASSETCATALOG_COMPILER_APPICON_NAME = AppIcon;
				ASSETCATALOG_COMPILER_GLOBAL_ACCENT_COLOR_NAME = AccentColor;
				CODE_SIGN_STYLE = Automatic;
				CURRENT_PROJECT_VERSION = 1;
				DEVELOPMENT_TEAM = 6R9T58ZPFJ;
				GENERATE_INFOPLIST_FILE = YES;
				INFOPLIST_FILE = Pokemons/Info.plist;
				INFOPLIST_KEY_UIApplicationSupportsIndirectInputEvents = YES;
				INFOPLIST_KEY_UILaunchStoryboardName = LaunchScreen;
				INFOPLIST_KEY_UISupportedInterfaceOrientations_iPad = "UIInterfaceOrientationPortrait UIInterfaceOrientationPortraitUpsideDown UIInterfaceOrientationLandscapeLeft UIInterfaceOrientationLandscapeRight";
				INFOPLIST_KEY_UISupportedInterfaceOrientations_iPhone = "UIInterfaceOrientationPortrait UIInterfaceOrientationLandscapeLeft UIInterfaceOrientationLandscapeRight";
				LD_RUNPATH_SEARCH_PATHS = (
					"$(inherited)",
					"@executable_path/Frameworks",
				);
				MARKETING_VERSION = 1.0;
				PRODUCT_BUNDLE_IDENTIFIER = com.dasha.balatsun.Pokemons;
				PRODUCT_NAME = "$(TARGET_NAME)";
				SWIFT_EMIT_LOC_STRINGS = YES;
				SWIFT_VERSION = 5.0;
				TARGETED_DEVICE_FAMILY = "1,2";
			};
			name = Debug;
		};
		C8919E982C28923900E105DB /* Release */ = {
			isa = XCBuildConfiguration;
			buildSettings = {
				ASSETCATALOG_COMPILER_APPICON_NAME = AppIcon;
				ASSETCATALOG_COMPILER_GLOBAL_ACCENT_COLOR_NAME = AccentColor;
				CODE_SIGN_STYLE = Automatic;
				CURRENT_PROJECT_VERSION = 1;
				DEVELOPMENT_TEAM = 6R9T58ZPFJ;
				GENERATE_INFOPLIST_FILE = YES;
				INFOPLIST_FILE = Pokemons/Info.plist;
				INFOPLIST_KEY_UIApplicationSupportsIndirectInputEvents = YES;
				INFOPLIST_KEY_UILaunchStoryboardName = LaunchScreen;
				INFOPLIST_KEY_UISupportedInterfaceOrientations_iPad = "UIInterfaceOrientationPortrait UIInterfaceOrientationPortraitUpsideDown UIInterfaceOrientationLandscapeLeft UIInterfaceOrientationLandscapeRight";
				INFOPLIST_KEY_UISupportedInterfaceOrientations_iPhone = "UIInterfaceOrientationPortrait UIInterfaceOrientationLandscapeLeft UIInterfaceOrientationLandscapeRight";
				LD_RUNPATH_SEARCH_PATHS = (
					"$(inherited)",
					"@executable_path/Frameworks",
				);
				MARKETING_VERSION = 1.0;
				PRODUCT_BUNDLE_IDENTIFIER = com.dasha.balatsun.Pokemons;
				PRODUCT_NAME = "$(TARGET_NAME)";
				SWIFT_EMIT_LOC_STRINGS = YES;
				SWIFT_VERSION = 5.0;
				TARGETED_DEVICE_FAMILY = "1,2";
			};
			name = Release;
		};
/* End XCBuildConfiguration section */

/* Begin XCConfigurationList section */
		C8919E7D2C28923800E105DB /* Build configuration list for PBXProject "Pokemons" */ = {
			isa = XCConfigurationList;
			buildConfigurations = (
				C8919E942C28923900E105DB /* Debug */,
				C8919E952C28923900E105DB /* Release */,
			);
			defaultConfigurationIsVisible = 0;
			defaultConfigurationName = Release;
		};
		C8919E962C28923900E105DB /* Build configuration list for PBXNativeTarget "Pokemons" */ = {
			isa = XCConfigurationList;
			buildConfigurations = (
				C8919E972C28923900E105DB /* Debug */,
				C8919E982C28923900E105DB /* Release */,
			);
			defaultConfigurationIsVisible = 0;
			defaultConfigurationName = Release;
		};
/* End XCConfigurationList section */
	};
	rootObject = C8919E7A2C28923800E105DB /* Project object */;
}
